
Microsoft Visual Studio Solution File, Format Version 12.00
# Visual Studio Version 17
VisualStudioVersion = 17.0.31919.166
MinimumVisualStudioVersion = 10.0.40219.1
Project("{9A19103F-16F7-4668-BE54-9A1E7A4F7556}") = "CollectToxicWaste", "CollectToxicWaste\CollectToxicWaste.csproj", "{3A01CE77-81BE-43AC-8503-3DEAFC8BFA14}"
EndProject
Project("{2150E333-8FDC-42A3-9474-1A3956D46DE8}") = "0 - Apresentação", "0 - Apresentação", "{53D6B610-13B3-45D5-8F86-1106B55D0FD9}"
EndProject
Project("{2150E333-8FDC-42A3-9474-1A3956D46DE8}") = "1 - Dominio", "1 - Dominio", "{BC8FB34F-F4B0-48C9-A079-96D162C4491D}"
EndProject
Project("{2150E333-8FDC-42A3-9474-1A3956D46DE8}") = "2 - Infraestrutura", "2 - Infraestrutura", "{D8431E49-9165-4D57-AC3C-DA056B845740}"
EndProject
Project("{2150E333-8FDC-42A3-9474-1A3956D46DE8}") = "3 - Serviço", "3 - Serviço", "{04640B4C-1F87-41F8-8C34-C9C504BCF9E2}"
EndProject
Project("{2150E333-8FDC-42A3-9474-1A3956D46DE8}") = "4 - Comum", "4 - Comum", "{771AE431-C13D-4600-8BF9-FA1F1923459A}"
EndProject
Project("{9A19103F-16F7-4668-BE54-9A1E7A4F7556}") = "CollectToxicWaste.Dominio", "CollectToxicWaste.Dominio\CollectToxicWaste.Dominio.csproj", "{5CE30D0E-DB27-4DB0-9DCE-89F873102EBC}"
EndProject
Project("{9A19103F-16F7-4668-BE54-9A1E7A4F7556}") = "CollectToxicWaste.Infraestrutura", "CollectToxicWaste.Infraestrutura\CollectToxicWaste.Infraestrutura.csproj", "{796D0498-A983-4561-9A82-71FEE94B768C}"
EndProject
Project("{9A19103F-16F7-4668-BE54-9A1E7A4F7556}") = "CollectToxicWaste.Servico", "CollectToxicWaste.Servico\CollectToxicWaste.Servico.csproj", "{7B980571-62D4-4EE5-8486-A93684EAAD75}"
EndProject
Project("{9A19103F-16F7-4668-BE54-9A1E7A4F7556}") = "CollectToxicWaste.Comum", "CollectToxicWaste.Comum\CollectToxicWaste.Comum.csproj", "{99B9C5F4-4BC7-4B0A-829B-54C10887C91F}"
EndProject
Global
	GlobalSection(SolutionConfigurationPlatforms) = preSolution
		Debug|Any CPU = Debug|Any CPU
		Release|Any CPU = Release|Any CPU
	EndGlobalSection
	GlobalSection(ProjectConfigurationPlatforms) = postSolution
		{3A01CE77-81BE-43AC-8503-3DEAFC8BFA14}.Debug|Any CPU.ActiveCfg = Debug|Any CPU
		{3A01CE77-81BE-43AC-8503-3DEAFC8BFA14}.Debug|Any CPU.Build.0 = Debug|Any CPU
		{3A01CE77-81BE-43AC-8503-3DEAFC8BFA14}.Release|Any CPU.ActiveCfg = Release|Any CPU
		{3A01CE77-81BE-43AC-8503-3DEAFC8BFA14}.Release|Any CPU.Build.0 = Release|Any CPU
		{5CE30D0E-DB27-4DB0-9DCE-89F873102EBC}.Debug|Any CPU.ActiveCfg = Debug|Any CPU
		{5CE30D0E-DB27-4DB0-9DCE-89F873102EBC}.Debug|Any CPU.Build.0 = Debug|Any CPU
		{5CE30D0E-DB27-4DB0-9DCE-89F873102EBC}.Release|Any CPU.ActiveCfg = Release|Any CPU
		{5CE30D0E-DB27-4DB0-9DCE-89F873102EBC}.Release|Any CPU.Build.0 = Release|Any CPU
		{796D0498-A983-4561-9A82-71FEE94B768C}.Debug|Any CPU.ActiveCfg = Debug|Any CPU
		{796D0498-A983-4561-9A82-71FEE94B768C}.Debug|Any CPU.Build.0 = Debug|Any CPU
		{796D0498-A983-4561-9A82-71FEE94B768C}.Release|Any CPU.ActiveCfg = Release|Any CPU
		{796D0498-A983-4561-9A82-71FEE94B768C}.Release|Any CPU.Build.0 = Release|Any CPU
		{7B980571-62D4-4EE5-8486-A93684EAAD75}.Debug|Any CPU.ActiveCfg = Debug|Any CPU
		{7B980571-62D4-4EE5-8486-A93684EAAD75}.Debug|Any CPU.Build.0 = Debug|Any CPU
		{7B980571-62D4-4EE5-8486-A93684EAAD75}.Release|Any CPU.ActiveCfg = Release|Any CPU
		{7B980571-62D4-4EE5-8486-A93684EAAD75}.Release|Any CPU.Build.0 = Release|Any CPU
		{99B9C5F4-4BC7-4B0A-829B-54C10887C91F}.Debug|Any CPU.ActiveCfg = Debug|Any CPU
		{99B9C5F4-4BC7-4B0A-829B-54C10887C91F}.Debug|Any CPU.Build.0 = Debug|Any CPU
		{99B9C5F4-4BC7-4B0A-829B-54C10887C91F}.Release|Any CPU.ActiveCfg = Release|Any CPU
		{99B9C5F4-4BC7-4B0A-829B-54C10887C91F}.Release|Any CPU.Build.0 = Release|Any CPU
	EndGlobalSection
	GlobalSection(SolutionProperties) = preSolution
		HideSolutionNode = FALSE
	EndGlobalSection
	GlobalSection(NestedProjects) = preSolution
		{3A01CE77-81BE-43AC-8503-3DEAFC8BFA14} = {53D6B610-13B3-45D5-8F86-1106B55D0FD9}
		{5CE30D0E-DB27-4DB0-9DCE-89F873102EBC} = {BC8FB34F-F4B0-48C9-A079-96D162C4491D}
		{796D0498-A983-4561-9A82-71FEE94B768C} = {D8431E49-9165-4D57-AC3C-DA056B845740}
		{7B980571-62D4-4EE5-8486-A93684EAAD75} = {04640B4C-1F87-41F8-8C34-C9C504BCF9E2}
		{99B9C5F4-4BC7-4B0A-829B-54C10887C91F} = {771AE431-C13D-4600-8BF9-FA1F1923459A}
	EndGlobalSection
	GlobalSection(ExtensibilityGlobals) = postSolution
		SolutionGuid = {516A68DF-F664-42DA-B2F5-0C2A07D8B54B}
	EndGlobalSection
EndGlobal
